// !$*UTF8*$!
{
	archiveVersion = 1;
	classes = {
	};
	objectVersion = 46;
	objects = {

/* Begin PBXBuildFile section */
		9FAAC5F71E6E4F4500F03621 /* AppDelegate.swift in Sources */ = {isa = PBXBuildFile; fileRef = 9FAAC5F61E6E4F4500F03621 /* AppDelegate.swift */; };
		9FAAC5F91E6E4F4500F03621 /* ViewController.swift in Sources */ = {isa = PBXBuildFile; fileRef = 9FAAC5F81E6E4F4500F03621 /* ViewController.swift */; };
		9FAAC5FC1E6E4F4500F03621 /* Main.storyboard in Resources */ = {isa = PBXBuildFile; fileRef = 9FAAC5FA1E6E4F4500F03621 /* Main.storyboard */; };
		9FAAC5FE1E6E4F4500F03621 /* Assets.xcassets in Resources */ = {isa = PBXBuildFile; fileRef = 9FAAC5FD1E6E4F4500F03621 /* Assets.xcassets */; };
		9FAAC6011E6E4F4500F03621 /* LaunchScreen.storyboard in Resources */ = {isa = PBXBuildFile; fileRef = 9FAAC5FF1E6E4F4500F03621 /* LaunchScreen.storyboard */; };
		9FAAC60C1E6E4F4500F03621 /* CXPullDownMunTests.swift in Sources */ = {isa = PBXBuildFile; fileRef = 9FAAC60B1E6E4F4500F03621 /* CXPullDownMunTests.swift */; };
		9FAAC6171E6E4F4500F03621 /* CXPullDownMunUITests.swift in Sources */ = {isa = PBXBuildFile; fileRef = 9FAAC6161E6E4F4500F03621 /* CXPullDownMunUITests.swift */; };
		9FAAC6271E6E4F5E00F03621 /* CXPullDownBtn.swift in Sources */ = {isa = PBXBuildFile; fileRef = 9FAAC6251E6E4F5E00F03621 /* CXPullDownBtn.swift */; };
		9FAAC6281E6E4F5E00F03621 /* CXpullDownView.swift in Sources */ = {isa = PBXBuildFile; fileRef = 9FAAC6261E6E4F5E00F03621 /* CXpullDownView.swift */; };
		9FAAC62A1E6E4FEB00F03621 /* Extension+Categotry.swift in Sources */ = {isa = PBXBuildFile; fileRef = 9FAAC6291E6E4FEB00F03621 /* Extension+Categotry.swift */; };
		9FAAC6341E6E517300F03621 /* close@2x.png in Resources */ = {isa = PBXBuildFile; fileRef = 9FAAC62C1E6E517300F03621 /* close@2x.png */; };
		9FAAC6351E6E517300F03621 /* close@3x.png in Resources */ = {isa = PBXBuildFile; fileRef = 9FAAC62D1E6E517300F03621 /* close@3x.png */; };
		9FAAC6361E6E517300F03621 /* ico_check_nomal@2x.png in Resources */ = {isa = PBXBuildFile; fileRef = 9FAAC62E1E6E517300F03621 /* ico_check_nomal@2x.png */; };
		9FAAC6371E6E517300F03621 /* ico_check_nomal@3x.png in Resources */ = {isa = PBXBuildFile; fileRef = 9FAAC62F1E6E517300F03621 /* ico_check_nomal@3x.png */; };
		9FAAC6381E6E517300F03621 /* ico_check_select@2x.png in Resources */ = {isa = PBXBuildFile; fileRef = 9FAAC6301E6E517300F03621 /* ico_check_select@2x.png */; };
		9FAAC6391E6E517300F03621 /* ico_check_select@3x.png in Resources */ = {isa = PBXBuildFile; fileRef = 9FAAC6311E6E517300F03621 /* ico_check_select@3x.png */; };
		9FAAC63A1E6E517300F03621 /* plus@2x.png in Resources */ = {isa = PBXBuildFile; fileRef = 9FAAC6321E6E517300F03621 /* plus@2x.png */; };
		9FAAC63B1E6E517300F03621 /* plus@3x.png in Resources */ = {isa = PBXBuildFile; fileRef = 9FAAC6331E6E517300F03621 /* plus@3x.png */; };
/* End PBXBuildFile section */

/* Begin PBXContainerItemProxy section */
		9FAAC6081E6E4F4500F03621 /* PBXContainerItemProxy */ = {
			isa = PBXContainerItemProxy;
			containerPortal = 9FAAC5EB1E6E4F4500F03621 /* Project object */;
			proxyType = 1;
			remoteGlobalIDString = 9FAAC5F21E6E4F4500F03621;
			remoteInfo = CXPullDownMun;
		};
		9FAAC6131E6E4F4500F03621 /* PBXContainerItemProxy */ = {
			isa = PBXContainerItemProxy;
			containerPortal = 9FAAC5EB1E6E4F4500F03621 /* Project object */;
			proxyType = 1;
			remoteGlobalIDString = 9FAAC5F21E6E4F4500F03621;
			remoteInfo = CXPullDownMun;
		};
/* End PBXContainerItemProxy section */

/* Begin PBXFileReference section */
		9FAAC5F31E6E4F4500F03621 /* CXPullDownMun.app */ = {isa = PBXFileReference; explicitFileType = wrapper.application; includeInIndex = 0; path = CXPullDownMun.app; sourceTree = BUILT_PRODUCTS_DIR; };
		9FAAC5F61E6E4F4500F03621 /* AppDelegate.swift */ = {isa = PBXFileReference; lastKnownFileType = sourcecode.swift; path = AppDelegate.swift; sourceTree = "<group>"; };
		9FAAC5F81E6E4F4500F03621 /* ViewController.swift */ = {isa = PBXFileReference; lastKnownFileType = sourcecode.swift; path = ViewController.swift; sourceTree = "<group>"; };
		9FAAC5FB1E6E4F4500F03621 /* Base */ = {isa = PBXFileReference; lastKnownFileType = file.storyboard; name = Base; path = Base.lproj/Main.storyboard; sourceTree = "<group>"; };
		9FAAC5FD1E6E4F4500F03621 /* Assets.xcassets */ = {isa = PBXFileReference; lastKnownFileType = folder.assetcatalog; path = Assets.xcassets; sourceTree = "<group>"; };
		9FAAC6001E6E4F4500F03621 /* Base */ = {isa = PBXFileReference; lastKnownFileType = file.storyboard; name = Base; path = Base.lproj/LaunchScreen.storyboard; sourceTree = "<group>"; };
		9FAAC6021E6E4F4500F03621 /* Info.plist */ = {isa = PBXFileReference; lastKnownFileType = text.plist.xml; path = Info.plist; sourceTree = "<group>"; };
		9FAAC6071E6E4F4500F03621 /* CXPullDownMunTests.xctest */ = {isa = PBXFileReference; explicitFileType = wrapper.cfbundle; includeInIndex = 0; path = CXPullDownMunTests.xctest; sourceTree = BUILT_PRODUCTS_DIR; };
		9FAAC60B1E6E4F4500F03621 /* CXPullDownMunTests.swift */ = {isa = PBXFileReference; lastKnownFileType = sourcecode.swift; path = CXPullDownMunTests.swift; sourceTree = "<group>"; };
		9FAAC60D1E6E4F4500F03621 /* Info.plist */ = {isa = PBXFileReference; lastKnownFileType = text.plist.xml; path = Info.plist; sourceTree = "<group>"; };
		9FAAC6121E6E4F4500F03621 /* CXPullDownMunUITests.xctest */ = {isa = PBXFileReference; explicitFileType = wrapper.cfbundle; includeInIndex = 0; path = CXPullDownMunUITests.xctest; sourceTree = BUILT_PRODUCTS_DIR; };
		9FAAC6161E6E4F4500F03621 /* CXPullDownMunUITests.swift */ = {isa = PBXFileReference; lastKnownFileType = sourcecode.swift; path = CXPullDownMunUITests.swift; sourceTree = "<group>"; };
		9FAAC6181E6E4F4500F03621 /* Info.plist */ = {isa = PBXFileReference; lastKnownFileType = text.plist.xml; path = Info.plist; sourceTree = "<group>"; };
		9FAAC6251E6E4F5E00F03621 /* CXPullDownBtn.swift */ = {isa = PBXFileReference; fileEncoding = 4; lastKnownFileType = sourcecode.swift; path = CXPullDownBtn.swift; sourceTree = "<group>"; };
		9FAAC6261E6E4F5E00F03621 /* CXpullDownView.swift */ = {isa = PBXFileReference; fileEncoding = 4; lastKnownFileType = sourcecode.swift; path = CXpullDownView.swift; sourceTree = "<group>"; };
		9FAAC6291E6E4FEB00F03621 /* Extension+Categotry.swift */ = {isa = PBXFileReference; fileEncoding = 4; lastKnownFileType = sourcecode.swift; path = "Extension+Categotry.swift"; sourceTree = "<group>"; };
		9FAAC62C1E6E517300F03621 /* close@2x.png */ = {isa = PBXFileReference; lastKnownFileType = image.png; path = "close@2x.png"; sourceTree = "<group>"; };
		9FAAC62D1E6E517300F03621 /* close@3x.png */ = {isa = PBXFileReference; lastKnownFileType = image.png; path = "close@3x.png"; sourceTree = "<group>"; };
		9FAAC62E1E6E517300F03621 /* ico_check_nomal@2x.png */ = {isa = PBXFileReference; lastKnownFileType = image.png; path = "ico_check_nomal@2x.png"; sourceTree = "<group>"; };
		9FAAC62F1E6E517300F03621 /* ico_check_nomal@3x.png */ = {isa = PBXFileReference; lastKnownFileType = image.png; path = "ico_check_nomal@3x.png"; sourceTree = "<group>"; };
		9FAAC6301E6E517300F03621 /* ico_check_select@2x.png */ = {isa = PBXFileReference; lastKnownFileType = image.png; path = "ico_check_select@2x.png"; sourceTree = "<group>"; };
		9FAAC6311E6E517300F03621 /* ico_check_select@3x.png */ = {isa = PBXFileReference; lastKnownFileType = image.png; path = "ico_check_select@3x.png"; sourceTree = "<group>"; };
		9FAAC6321E6E517300F03621 /* plus@2x.png */ = {isa = PBXFileReference; lastKnownFileType = image.png; path = "plus@2x.png"; sourceTree = "<group>"; };
		9FAAC6331E6E517300F03621 /* plus@3x.png */ = {isa = PBXFileReference; lastKnownFileType = image.png; path = "plus@3x.png"; sourceTree = "<group>"; };
/* End PBXFileReference section */

/* Begin PBXFrameworksBuildPhase section */
		9FAAC5F01E6E4F4500F03621 /* Frameworks */ = {
			isa = PBXFrameworksBuildPhase;
			buildActionMask = 2147483647;
			files = (
			);
			runOnlyForDeploymentPostprocessing = 0;
		};
		9FAAC6041E6E4F4500F03621 /* Frameworks */ = {
			isa = PBXFrameworksBuildPhase;
			buildActionMask = 2147483647;
			files = (
			);
			runOnlyForDeploymentPostprocessing = 0;
		};
		9FAAC60F1E6E4F4500F03621 /* Frameworks */ = {
			isa = PBXFrameworksBuildPhase;
			buildActionMask = 2147483647;
			files = (
			);
			runOnlyForDeploymentPostprocessing = 0;
		};
/* End PBXFrameworksBuildPhase section */

/* Begin PBXGroup section */
		9FAAC5EA1E6E4F4500F03621 = {
			isa = PBXGroup;
			children = (
				9FAAC6241E6E4F5E00F03621 /* 下拉菜单 */,
				9FAAC5F51E6E4F4500F03621 /* CXPullDownMun */,
				9FAAC60A1E6E4F4500F03621 /* CXPullDownMunTests */,
				9FAAC6151E6E4F4500F03621 /* CXPullDownMunUITests */,
				9FAAC5F41E6E4F4500F03621 /* Products */,
			);
			sourceTree = "<group>";
		};
		9FAAC5F41E6E4F4500F03621 /* Products */ = {
			isa = PBXGroup;
			children = (
				9FAAC5F31E6E4F4500F03621 /* CXPullDownMun.app */,
				9FAAC6071E6E4F4500F03621 /* CXPullDownMunTests.xctest */,
				9FAAC6121E6E4F4500F03621 /* CXPullDownMunUITests.xctest */,
			);
			name = Products;
			sourceTree = "<group>";
		};
		9FAAC5F51E6E4F4500F03621 /* CXPullDownMun */ = {
			isa = PBXGroup;
			children = (
				9FAAC5F61E6E4F4500F03621 /* AppDelegate.swift */,
				9FAAC5F81E6E4F4500F03621 /* ViewController.swift */,
				9FAAC5FA1E6E4F4500F03621 /* Main.storyboard */,
				9FAAC5FD1E6E4F4500F03621 /* Assets.xcassets */,
				9FAAC5FF1E6E4F4500F03621 /* LaunchScreen.storyboard */,
				9FAAC6021E6E4F4500F03621 /* Info.plist */,
			);
			path = CXPullDownMun;
			sourceTree = "<group>";
		};
		9FAAC60A1E6E4F4500F03621 /* CXPullDownMunTests */ = {
			isa = PBXGroup;
			children = (
				9FAAC60B1E6E4F4500F03621 /* CXPullDownMunTests.swift */,
				9FAAC60D1E6E4F4500F03621 /* Info.plist */,
			);
			path = CXPullDownMunTests;
			sourceTree = "<group>";
		};
		9FAAC6151E6E4F4500F03621 /* CXPullDownMunUITests */ = {
			isa = PBXGroup;
			children = (
				9FAAC6161E6E4F4500F03621 /* CXPullDownMunUITests.swift */,
				9FAAC6181E6E4F4500F03621 /* Info.plist */,
			);
			path = CXPullDownMunUITests;
			sourceTree = "<group>";
		};
		9FAAC6241E6E4F5E00F03621 /* 下拉菜单 */ = {
			isa = PBXGroup;
			children = (
				9FAAC62B1E6E517300F03621 /* imageData */,
				9FAAC6291E6E4FEB00F03621 /* Extension+Categotry.swift */,
				9FAAC6251E6E4F5E00F03621 /* CXPullDownBtn.swift */,
				9FAAC6261E6E4F5E00F03621 /* CXpullDownView.swift */,
			);
			path = "下拉菜单";
			sourceTree = "<group>";
		};
		9FAAC62B1E6E517300F03621 /* imageData */ = {
			isa = PBXGroup;
			children = (
				9FAAC62C1E6E517300F03621 /* close@2x.png */,
				9FAAC62D1E6E517300F03621 /* close@3x.png */,
				9FAAC62E1E6E517300F03621 /* ico_check_nomal@2x.png */,
				9FAAC62F1E6E517300F03621 /* ico_check_nomal@3x.png */,
				9FAAC6301E6E517300F03621 /* ico_check_select@2x.png */,
				9FAAC6311E6E517300F03621 /* ico_check_select@3x.png */,
				9FAAC6321E6E517300F03621 /* plus@2x.png */,
				9FAAC6331E6E517300F03621 /* plus@3x.png */,
			);
			path = imageData;
			sourceTree = "<group>";
		};
/* End PBXGroup section */

/* Begin PBXNativeTarget section */
		9FAAC5F21E6E4F4500F03621 /* CXPullDownMun */ = {
			isa = PBXNativeTarget;
			buildConfigurationList = 9FAAC61B1E6E4F4500F03621 /* Build configuration list for PBXNativeTarget "CXPullDownMun" */;
			buildPhases = (
				9FAAC5EF1E6E4F4500F03621 /* Sources */,
				9FAAC5F01E6E4F4500F03621 /* Frameworks */,
				9FAAC5F11E6E4F4500F03621 /* Resources */,
			);
			buildRules = (
			);
			dependencies = (
			);
			name = CXPullDownMun;
			productName = CXPullDownMun;
			productReference = 9FAAC5F31E6E4F4500F03621 /* CXPullDownMun.app */;
			productType = "com.apple.product-type.application";
		};
		9FAAC6061E6E4F4500F03621 /* CXPullDownMunTests */ = {
			isa = PBXNativeTarget;
			buildConfigurationList = 9FAAC61E1E6E4F4500F03621 /* Build configuration list for PBXNativeTarget "CXPullDownMunTests" */;
			buildPhases = (
				9FAAC6031E6E4F4500F03621 /* Sources */,
				9FAAC6041E6E4F4500F03621 /* Frameworks */,
				9FAAC6051E6E4F4500F03621 /* Resources */,
			);
			buildRules = (
			);
			dependencies = (
				9FAAC6091E6E4F4500F03621 /* PBXTargetDependency */,
			);
			name = CXPullDownMunTests;
			productName = CXPullDownMunTests;
			productReference = 9FAAC6071E6E4F4500F03621 /* CXPullDownMunTests.xctest */;
			productType = "com.apple.product-type.bundle.unit-test";
		};
		9FAAC6111E6E4F4500F03621 /* CXPullDownMunUITests */ = {
			isa = PBXNativeTarget;
			buildConfigurationList = 9FAAC6211E6E4F4500F03621 /* Build configuration list for PBXNativeTarget "CXPullDownMunUITests" */;
			buildPhases = (
				9FAAC60E1E6E4F4500F03621 /* Sources */,
				9FAAC60F1E6E4F4500F03621 /* Frameworks */,
				9FAAC6101E6E4F4500F03621 /* Resources */,
			);
			buildRules = (
			);
			dependencies = (
				9FAAC6141E6E4F4500F03621 /* PBXTargetDependency */,
			);
			name = CXPullDownMunUITests;
			productName = CXPullDownMunUITests;
			productReference = 9FAAC6121E6E4F4500F03621 /* CXPullDownMunUITests.xctest */;
			productType = "com.apple.product-type.bundle.ui-testing";
		};
/* End PBXNativeTarget section */

/* Begin PBXProject section */
		9FAAC5EB1E6E4F4500F03621 /* Project object */ = {
			isa = PBXProject;
			attributes = {
				LastSwiftUpdateCheck = 0820;
				LastUpgradeCheck = 0820;
				ORGANIZATIONNAME = Allen;
				TargetAttributes = {
					9FAAC5F21E6E4F4500F03621 = {
						CreatedOnToolsVersion = 8.2.1;
						ProvisioningStyle = Automatic;
					};
					9FAAC6061E6E4F4500F03621 = {
						CreatedOnToolsVersion = 8.2.1;
						ProvisioningStyle = Automatic;
						TestTargetID = 9FAAC5F21E6E4F4500F03621;
					};
					9FAAC6111E6E4F4500F03621 = {
						CreatedOnToolsVersion = 8.2.1;
						ProvisioningStyle = Automatic;
						TestTargetID = 9FAAC5F21E6E4F4500F03621;
					};
				};
			};
			buildConfigurationList = 9FAAC5EE1E6E4F4500F03621 /* Build configuration list for PBXProject "CXPullDownMun" */;
			compatibilityVersion = "Xcode 3.2";
			developmentRegion = English;
			hasScannedForEncodings = 0;
			knownRegions = (
				en,
				Base,
			);
			mainGroup = 9FAAC5EA1E6E4F4500F03621;
			productRefGroup = 9FAAC5F41E6E4F4500F03621 /* Products */;
			projectDirPath = "";
			projectRoot = "";
			targets = (
				9FAAC5F21E6E4F4500F03621 /* CXPullDownMun */,
				9FAAC6061E6E4F4500F03621 /* CXPullDownMunTests */,
				9FAAC6111E6E4F4500F03621 /* CXPullDownMunUITests */,
			);
		};
/* End PBXProject section */

/* Begin PBXResourcesBuildPhase section */
		9FAAC5F11E6E4F4500F03621 /* Resources */ = {
			isa = PBXResourcesBuildPhase;
			buildActionMask = 2147483647;
			files = (
				9FAAC6351E6E517300F03621 /* close@3x.png in Resources */,
				9FAAC63B1E6E517300F03621 /* plus@3x.png in Resources */,
				9FAAC6011E6E4F4500F03621 /* LaunchScreen.storyboard in Resources */,
				9FAAC5FE1E6E4F4500F03621 /* Assets.xcassets in Resources */,
				9FAAC6381E6E517300F03621 /* ico_check_select@2x.png in Resources */,
				9FAAC5FC1E6E4F4500F03621 /* Main.storyboard in Resources */,
				9FAAC6391E6E517300F03621 /* ico_check_select@3x.png in Resources */,
				9FAAC63A1E6E517300F03621 /* plus@2x.png in Resources */,
				9FAAC6371E6E517300F03621 /* ico_check_nomal@3x.png in Resources */,
				9FAAC6341E6E517300F03621 /* close@2x.png in Resources */,
				9FAAC6361E6E517300F03621 /* ico_check_nomal@2x.png in Resources */,
			);
			runOnlyForDeploymentPostprocessing = 0;
		};
		9FAAC6051E6E4F4500F03621 /* Resources */ = {
			isa = PBXResourcesBuildPhase;
			buildActionMask = 2147483647;
			files = (
			);
			runOnlyForDeploymentPostprocessing = 0;
		};
		9FAAC6101E6E4F4500F03621 /* Resources */ = {
			isa = PBXResourcesBuildPhase;
			buildActionMask = 2147483647;
			files = (
			);
			runOnlyForDeploymentPostprocessing = 0;
		};
/* End PBXResourcesBuildPhase section */

/* Begin PBXSourcesBuildPhase section */
		9FAAC5EF1E6E4F4500F03621 /* Sources */ = {
			isa = PBXSourcesBuildPhase;
			buildActionMask = 2147483647;
			files = (
				9FAAC6271E6E4F5E00F03621 /* CXPullDownBtn.swift in Sources */,
				9FAAC5F91E6E4F4500F03621 /* ViewController.swift in Sources */,
				9FAAC6281E6E4F5E00F03621 /* CXpullDownView.swift in Sources */,
				9FAAC62A1E6E4FEB00F03621 /* Extension+Categotry.swift in Sources */,
				9FAAC5F71E6E4F4500F03621 /* AppDelegate.swift in Sources */,
			);
			runOnlyForDeploymentPostprocessing = 0;
		};
		9FAAC6031E6E4F4500F03621 /* Sources */ = {
			isa = PBXSourcesBuildPhase;
			buildActionMask = 2147483647;
			files = (
				9FAAC60C1E6E4F4500F03621 /* CXPullDownMunTests.swift in Sources */,
			);
			runOnlyForDeploymentPostprocessing = 0;
		};
		9FAAC60E1E6E4F4500F03621 /* Sources */ = {
			isa = PBXSourcesBuildPhase;
			buildActionMask = 2147483647;
			files = (
				9FAAC6171E6E4F4500F03621 /* CXPullDownMunUITests.swift in Sources */,
			);
			runOnlyForDeploymentPostprocessing = 0;
		};
/* End PBXSourcesBuildPhase section */

/* Begin PBXTargetDependency section */
		9FAAC6091E6E4F4500F03621 /* PBXTargetDependency */ = {
			isa = PBXTargetDependency;
			target = 9FAAC5F21E6E4F4500F03621 /* CXPullDownMun */;
			targetProxy = 9FAAC6081E6E4F4500F03621 /* PBXContainerItemProxy */;
		};
		9FAAC6141E6E4F4500F03621 /* PBXTargetDependency */ = {
			isa = PBXTargetDependency;
			target = 9FAAC5F21E6E4F4500F03621 /* CXPullDownMun */;
			targetProxy = 9FAAC6131E6E4F4500F03621 /* PBXContainerItemProxy */;
		};
/* End PBXTargetDependency section */

/* Begin PBXVariantGroup section */
		9FAAC5FA1E6E4F4500F03621 /* Main.storyboard */ = {
			isa = PBXVariantGroup;
			children = (
				9FAAC5FB1E6E4F4500F03621 /* Base */,
			);
			name = Main.storyboard;
			sourceTree = "<group>";
		};
		9FAAC5FF1E6E4F4500F03621 /* LaunchScreen.storyboard */ = {
			isa = PBXVariantGroup;
			children = (
				9FAAC6001E6E4F4500F03621 /* Base */,
			);
			name = LaunchScreen.storyboard;
			sourceTree = "<group>";
		};
/* End PBXVariantGroup section */

/* Begin XCBuildConfiguration section */
		9FAAC6191E6E4F4500F03621 /* Debug */ = {
			isa = XCBuildConfiguration;
			buildSettings = {
				ALWAYS_SEARCH_USER_PATHS = NO;
				CLANG_ANALYZER_NONNULL = YES;
				CLANG_CXX_LANGUAGE_STANDARD = "gnu++0x";
				CLANG_CXX_LIBRARY = "libc++";
				CLANG_ENABLE_MODULES = YES;
				CLANG_ENABLE_OBJC_ARC = YES;
				CLANG_WARN_BOOL_CONVERSION = YES;
				CLANG_WARN_CONSTANT_CONVERSION = YES;
				CLANG_WARN_DIRECT_OBJC_ISA_USAGE = YES_ERROR;
				CLANG_WARN_DOCUMENTATION_COMMENTS = YES;
				CLANG_WARN_EMPTY_BODY = YES;
				CLANG_WARN_ENUM_CONVERSION = YES;
				CLANG_WARN_INFINITE_RECURSION = YES;
				CLANG_WARN_INT_CONVERSION = YES;
				CLANG_WARN_OBJC_ROOT_CLASS = YES_ERROR;
				CLANG_WARN_SUSPICIOUS_MOVE = YES;
				CLANG_WARN_UNREACHABLE_CODE = YES;
				CLANG_WARN__DUPLICATE_METHOD_MATCH = YES;
				"CODE_SIGN_IDENTITY[sdk=iphoneos*]" = "iPhone Developer";
				COPY_PHASE_STRIP = NO;
				DEBUG_INFORMATION_FORMAT = dwarf;
				ENABLE_STRICT_OBJC_MSGSEND = YES;
				ENABLE_TESTABILITY = YES;
				GCC_C_LANGUAGE_STANDARD = gnu99;
				GCC_DYNAMIC_NO_PIC = NO;
				GCC_NO_COMMON_BLOCKS = YES;
				GCC_OPTIMIZATION_LEVEL = 0;
				GCC_PREPROCESSOR_DEFINITIONS = (
					"DEBUG=1",
					"$(inherited)",
				);
				GCC_WARN_64_TO_32_BIT_CONVERSION = YES;
				GCC_WARN_ABOUT_RETURN_TYPE = YES_ERROR;
				GCC_WARN_UNDECLARED_SELECTOR = YES;
				GCC_WARN_UNINITIALIZED_AUTOS = YES_AGGRESSIVE;
				GCC_WARN_UNUSED_FUNCTION = YES;
				GCC_WARN_UNUSED_VARIABLE = YES;
				IPHONEOS_DEPLOYMENT_TARGET = 10.2;
				MTL_ENABLE_DEBUG_INFO = YES;
				ONLY_ACTIVE_ARCH = YES;
				SDKROOT = iphoneos;
				SWIFT_ACTIVE_COMPILATION_CONDITIONS = DEBUG;
				SWIFT_OPTIMIZATION_LEVEL = "-Onone";
				TARGETED_DEVICE_FAMILY = "1,2";
			};
			name = Debug;
		};
		9FAAC61A1E6E4F4500F03621 /* Release */ = {
			isa = XCBuildConfiguration;
			buildSettings = {
				ALWAYS_SEARCH_USER_PATHS = NO;
				CLANG_ANALYZER_NONNULL = YES;
				CLANG_CXX_LANGUAGE_STANDARD = "gnu++0x";
				CLANG_CXX_LIBRARY = "libc++";
				CLANG_ENABLE_MODULES = YES;
				CLANG_ENABLE_OBJC_ARC = YES;
				CLANG_WARN_BOOL_CONVERSION = YES;
				CLANG_WARN_CONSTANT_CONVERSION = YES;
				CLANG_WARN_DIRECT_OBJC_ISA_USAGE = YES_ERROR;
				CLANG_WARN_DOCUMENTATION_COMMENTS = YES;
				CLANG_WARN_EMPTY_BODY = YES;
				CLANG_WARN_ENUM_CONVERSION = YES;
				CLANG_WARN_INFINITE_RECURSION = YES;
				CLANG_WARN_INT_CONVERSION = YES;
				CLANG_WARN_OBJC_ROOT_CLASS = YES_ERROR;
				CLANG_WARN_SUSPICIOUS_MOVE = YES;
				CLANG_WARN_UNREACHABLE_CODE = YES;
				CLANG_WARN__DUPLICATE_METHOD_MATCH = YES;
				"CODE_SIGN_IDENTITY[sdk=iphoneos*]" = "iPhone Developer";
				COPY_PHASE_STRIP = NO;
				DEBUG_INFORMATION_FORMAT = "dwarf-with-dsym";
				ENABLE_NS_ASSERTIONS = NO;
				ENABLE_STRICT_OBJC_MSGSEND = YES;
				GCC_C_LANGUAGE_STANDARD = gnu99;
				GCC_NO_COMMON_BLOCKS = YES;
				GCC_WARN_64_TO_32_BIT_CONVERSION = YES;
				GCC_WARN_ABOUT_RETURN_TYPE = YES_ERROR;
				GCC_WARN_UNDECLARED_SELECTOR = YES;
				GCC_WARN_UNINITIALIZED_AUTOS = YES_AGGRESSIVE;
				GCC_WARN_UNUSED_FUNCTION = YES;
				GCC_WARN_UNUSED_VARIABLE = YES;
				IPHONEOS_DEPLOYMENT_TARGET = 10.2;
				MTL_ENABLE_DEBUG_INFO = NO;
				SDKROOT = iphoneos;
				SWIFT_OPTIMIZATION_LEVEL = "-Owholemodule";
				TARGETED_DEVICE_FAMILY = "1,2";
				VALIDATE_PRODUCT = YES;
			};
			name = Release;
		};
		9FAAC61C1E6E4F4500F03621 /* Debug */ = {
			isa = XCBuildConfiguration;
			buildSettings = {
				ASSETCATALOG_COMPILER_APPICON_NAME = AppIcon;
				INFOPLIST_FILE = CXPullDownMun/Info.plist;
				LD_RUNPATH_SEARCH_PATHS = "$(inherited) @executable_path/Frameworks";
				PRODUCT_BUNDLE_IDENTIFIER = CBD.CXPullDownMun;
				PRODUCT_NAME = "$(TARGET_NAME)";
				SWIFT_VERSION = 3.0;
			};
			name = Debug;
		};
		9FAAC61D1E6E4F4500F03621 /* Release */ = {
			isa = XCBuildConfiguration;
			buildSettings = {
				ASSETCATALOG_COMPILER_APPICON_NAME = AppIcon;
				INFOPLIST_FILE = CXPullDownMun/Info.plist;
				LD_RUNPATH_SEARCH_PATHS = "$(inherited) @executable_path/Frameworks";
				PRODUCT_BUNDLE_IDENTIFIER = CBD.CXPullDownMun;
				PRODUCT_NAME = "$(TARGET_NAME)";
				SWIFT_VERSION = 3.0;
			};
			name = Release;
		};
		9FAAC61F1E6E4F4500F03621 /* Debug */ = {
			isa = XCBuildConfiguration;
			buildSettings = {
				ALWAYS_EMBED_SWIFT_STANDARD_LIBRARIES = YES;
				BUNDLE_LOADER = "$(TEST_HOST)";
				INFOPLIST_FILE = CXPullDownMunTests/Info.plist;
				LD_RUNPATH_SEARCH_PATHS = "$(inherited) @executable_path/Frameworks @loader_path/Frameworks";
				PRODUCT_BUNDLE_IDENTIFIER = CBD.CXPullDownMunTests;
				PRODUCT_NAME = "$(TARGET_NAME)";
				SWIFT_VERSION = 3.0;
				TEST_HOST = "$(BUILT_PRODUCTS_DIR)/CXPullDownMun.app/CXPullDownMun";
			};
			name = Debug;
		};
		9FAAC6201E6E4F4500F03621 /* Release */ = {
			isa = XCBuildConfiguration;
			buildSettings = {
				ALWAYS_EMBED_SWIFT_STANDARD_LIBRARIES = YES;
				BUNDLE_LOADER = "$(TEST_HOST)";
				INFOPLIST_FILE = CXPullDownMunTests/Info.plist;
				LD_RUNPATH_SEARCH_PATHS = "$(inherited) @executable_path/Frameworks @loader_path/Frameworks";
				PRODUCT_BUNDLE_IDENTIFIER = CBD.CXPullDownMunTests;
				PRODUCT_NAME = "$(TARGET_NAME)";
				SWIFT_VERSION = 3.0;
				TEST_HOST = "$(BUILT_PRODUCTS_DIR)/CXPullDownMun.app/CXPullDownMun";
			};
			name = Release;
		};
		9FAAC6221E6E4F4500F03621 /* Debug */ = {
			isa = XCBuildConfiguration;
			buildSettings = {
				ALWAYS_EMBED_SWIFT_STANDARD_LIBRARIES = YES;
				INFOPLIST_FILE = CXPullDownMunUITests/Info.plist;
				LD_RUNPATH_SEARCH_PATHS = "$(inherited) @executable_path/Frameworks @loader_path/Frameworks";
				PRODUCT_BUNDLE_IDENTIFIER = CBD.CXPullDownMunUITests;
				PRODUCT_NAME = "$(TARGET_NAME)";
				SWIFT_VERSION = 3.0;
				TEST_TARGET_NAME = CXPullDownMun;
			};
			name = Debug;
		};
		9FAAC6231E6E4F4500F03621 /* Release */ = {
			isa = XCBuildConfiguration;
			buildSettings = {
				ALWAYS_EMBED_SWIFT_STANDARD_LIBRARIES = YES;
				INFOPLIST_FILE = CXPullDownMunUITests/Info.plist;
				LD_RUNPATH_SEARCH_PATHS = "$(inherited) @executable_path/Frameworks @loader_path/Frameworks";
				PRODUCT_BUNDLE_IDENTIFIER = CBD.CXPullDownMunUITests;
				PRODUCT_NAME = "$(TARGET_NAME)";
				SWIFT_VERSION = 3.0;
				TEST_TARGET_NAME = CXPullDownMun;
			};
			name = Release;
		};
/* End XCBuildConfiguration section */

/* Begin XCConfigurationList section */
		9FAAC5EE1E6E4F4500F03621 /* Build configuration list for PBXProject "CXPullDownMun" */ = {
			isa = XCConfigurationList;
			buildConfigurations = (
				9FAAC6191E6E4F4500F03621 /* Debug */,
				9FAAC61A1E6E4F4500F03621 /* Release */,
			);
			defaultConfigurationIsVisible = 0;
			defaultConfigurationName = Release;
		};
		9FAAC61B1E6E4F4500F03621 /* Build configuration list for PBXNativeTarget "CXPullDownMun" */ = {
			isa = XCConfigurationList;
			buildConfigurations = (
				9FAAC61C1E6E4F4500F03621 /* Debug */,
				9FAAC61D1E6E4F4500F03621 /* Release */,
			);
			defaultConfigurationIsVisible = 0;
		};
		9FAAC61E1E6E4F4500F03621 /* Build configuration list for PBXNativeTarget "CXPullDownMunTests" */ = {
			isa = XCConfigurationList;
			buildConfigurations = (
				9FAAC61F1E6E4F4500F03621 /* Debug */,
				9FAAC6201E6E4F4500F03621 /* Release */,
			);
			defaultConfigurationIsVisible = 0;
		};
		9FAAC6211E6E4F4500F03621 /* Build configuration list for PBXNativeTarget "CXPullDownMunUITests" */ = {
			isa = XCConfigurationList;
			buildConfigurations = (
				9FAAC6221E6E4F4500F03621 /* Debug */,
				9FAAC6231E6E4F4500F03621 /* Release */,
			);
			defaultConfigurationIsVisible = 0;
		};
/* End XCConfigurationList section */
	};
	rootObject = 9FAAC5EB1E6E4F4500F03621 /* Project object */;
}
